
Microsoft Visual Studio Solution File, Format Version 12.00
# Visual Studio 15
VisualStudioVersion = 15.0.28307.2092
MinimumVisualStudioVersion = 10.0.40219.1
Project("{8BC9CEB8-8B4A-11D0-8D11-00A0C91BC942}") = "3-33", "3-33\3-33.vcxproj", "{9DECF8C0-249F-4458-88C1-788BEA9D3B05}"
EndProject
Global
	GlobalSection(SolutionConfigurationPlatforms) = preSolution
		Debug|x64 = Debug|x64
		Debug|x86 = Debug|x86
		Release|x64 = Release|x64
		Release|x86 = Release|x86
	EndGlobalSection
	GlobalSection(ProjectConfigurationPlatforms) = postSolution
		{9DECF8C0-249F-4458-88C1-788BEA9D3B05}.Debug|x64.ActiveCfg = Debug|x64
		{9DECF8C0-249F-4458-88C1-788BEA9D3B05}.Debug|x64.Build.0 = Debug|x64
		{9DECF8C0-249F-4458-88C1-788BEA9D3B05}.Debug|x86.ActiveCfg = Debug|Win32
		{9DECF8C0-249F-4458-88C1-788BEA9D3B05}.Debug|x86.Build.0 = Debug|Win32
		{9DECF8C0-249F-4458-88C1-788BEA9D3B05}.Release|x64.ActiveCfg = Release|x64
		{9DECF8C0-249F-4458-88C1-788BEA9D3B05}.Release|x64.Build.0 = Release|x64
		{9DECF8C0-249F-4458-88C1-788BEA9D3B05}.Release|x86.ActiveCfg = Release|Win32
		{9DECF8C0-249F-4458-88C1-788BEA9D3B05}.Release|x86.Build.0 = Release|Win32
	EndGlobalSection
	GlobalSection(SolutionProperties) = preSolution
		HideSolutionNode = FALSE
	EndGlobalSection
	GlobalSection(ExtensibilityGlobals) = postSolution
		SolutionGuid = {F8AA8267-2D5A-448E-B4F4-EB60F33C55AC}
	EndGlobalSection
EndGlobal
