
Microsoft Visual Studio Solution File, Format Version 12.00
# Visual Studio 15
VisualStudioVersion = 15.0.28307.2092
MinimumVisualStudioVersion = 10.0.40219.1
Project("{8BC9CEB8-8B4A-11D0-8D11-00A0C91BC942}") = "3-17", "3-17\3-17.vcxproj", "{20495DFA-2FDD-414A-908D-66FA6840F972}"
EndProject
Global
	GlobalSection(SolutionConfigurationPlatforms) = preSolution
		Debug|x64 = Debug|x64
		Debug|x86 = Debug|x86
		Release|x64 = Release|x64
		Release|x86 = Release|x86
	EndGlobalSection
	GlobalSection(ProjectConfigurationPlatforms) = postSolution
		{20495DFA-2FDD-414A-908D-66FA6840F972}.Debug|x64.ActiveCfg = Debug|x64
		{20495DFA-2FDD-414A-908D-66FA6840F972}.Debug|x64.Build.0 = Debug|x64
		{20495DFA-2FDD-414A-908D-66FA6840F972}.Debug|x86.ActiveCfg = Debug|Win32
		{20495DFA-2FDD-414A-908D-66FA6840F972}.Debug|x86.Build.0 = Debug|Win32
		{20495DFA-2FDD-414A-908D-66FA6840F972}.Release|x64.ActiveCfg = Release|x64
		{20495DFA-2FDD-414A-908D-66FA6840F972}.Release|x64.Build.0 = Release|x64
		{20495DFA-2FDD-414A-908D-66FA6840F972}.Release|x86.ActiveCfg = Release|Win32
		{20495DFA-2FDD-414A-908D-66FA6840F972}.Release|x86.Build.0 = Release|Win32
	EndGlobalSection
	GlobalSection(SolutionProperties) = preSolution
		HideSolutionNode = FALSE
	EndGlobalSection
	GlobalSection(ExtensibilityGlobals) = postSolution
		SolutionGuid = {7094337F-8DD5-4E06-B0DE-F628ECB9F47E}
	EndGlobalSection
EndGlobal
